
Microsoft Visual Studio Solution File, Format Version 12.00
# Visual Studio Version 17
VisualStudioVersion = 17.9.34701.34
MinimumVisualStudioVersion = 10.0.40219.1
Project("{FAE04EC0-301F-11D3-BF4B-00C04F79EFBC}") = "labwork-projects", "labwork-projects\labwork-projects.csproj", "{4F7A0502-244F-45B4-92EF-7BE3CE40BEF2}"
EndProject
Global
	GlobalSection(SolutionConfigurationPlatforms) = preSolution
		Debug|Any CPU = Debug|Any CPU
		Release|Any CPU = Release|Any CPU
	EndGlobalSection
	GlobalSection(ProjectConfigurationPlatforms) = postSolution
		{4F7A0502-244F-45B4-92EF-7BE3CE40BEF2}.Debug|Any CPU.ActiveCfg = Debug|Any CPU
		{4F7A0502-244F-45B4-92EF-7BE3CE40BEF2}.Debug|Any CPU.Build.0 = Debug|Any CPU
		{4F7A0502-244F-45B4-92EF-7BE3CE40BEF2}.Release|Any CPU.ActiveCfg = Release|Any CPU
		{4F7A0502-244F-45B4-92EF-7BE3CE40BEF2}.Release|Any CPU.Build.0 = Release|Any CPU
	EndGlobalSection
	GlobalSection(SolutionProperties) = preSolution
		HideSolutionNode = FALSE
	EndGlobalSection
	GlobalSection(ExtensibilityGlobals) = postSolution
		SolutionGuid = {043E869B-FF3F-45C5-9FD2-C0E102F331D2}
	EndGlobalSection
EndGlobal
